
Microsoft Visual Studio Solution File, Format Version 12.00
# Visual Studio 2012
Project("{FAE04EC0-301F-11D3-BF4B-00C04F79EFBC}") = "NerdDinner.Core", "NerdDinner.Core\NerdDinner.Core.csproj", "{5D08F0DB-549E-4377-953C-633FC64BB1E2}"
EndProject
Project("{FAE04EC0-301F-11D3-BF4B-00C04F79EFBC}") = "NerdDinner.Mobile", "NerdDinner.Mobile\NerdDinner.Mobile.csproj", "{9F9D73FE-D609-48D4-97B6-77A9A4C4C345}"
EndProject
Project("{FAE04EC0-301F-11D3-BF4B-00C04F79EFBC}") = "NerdDinner.Phone", "NerdDinner.Phone\NerdDinner.Phone.csproj", "{59E1943A-6BAC-48F2-B50A-7BBAC4D5B71D}"
EndProject
Project("{FAE04EC0-301F-11D3-BF4B-00C04F79EFBC}") = "NerdDinner.Droid", "NerdDinner.Droid\NerdDinner.Droid.csproj", "{3F128764-E603-4951-A638-D337BFEA51F1}"
EndProject
Project("{FAE04EC0-301F-11D3-BF4B-00C04F79EFBC}") = "NerdDinner.Touch", "NerdDinner.Touch\NerdDinner.Touch.csproj", "{63F20193-C66A-400B-A981-6D39288462CF}"
EndProject
Project("{FAE04EC0-301F-11D3-BF4B-00C04F79EFBC}") = "NerdDinner.Store", "NerdDinner.Store\NerdDinner.Store.csproj", "{783C3EC6-7EC5-4B1E-A5F7-A8D8A499866D}"
EndProject
Global
	GlobalSection(SolutionConfigurationPlatforms) = preSolution
		Ad-Hoc|Any CPU = Ad-Hoc|Any CPU
		Ad-Hoc|ARM = Ad-Hoc|ARM
		Ad-Hoc|iPhone = Ad-Hoc|iPhone
		Ad-Hoc|iPhoneSimulator = Ad-Hoc|iPhoneSimulator
		Ad-Hoc|Mixed Platforms = Ad-Hoc|Mixed Platforms
		Ad-Hoc|x64 = Ad-Hoc|x64
		Ad-Hoc|x86 = Ad-Hoc|x86
		AppStore|Any CPU = AppStore|Any CPU
		AppStore|ARM = AppStore|ARM
		AppStore|iPhone = AppStore|iPhone
		AppStore|iPhoneSimulator = AppStore|iPhoneSimulator
		AppStore|Mixed Platforms = AppStore|Mixed Platforms
		AppStore|x64 = AppStore|x64
		AppStore|x86 = AppStore|x86
		Debug|Any CPU = Debug|Any CPU
		Debug|ARM = Debug|ARM
		Debug|iPhone = Debug|iPhone
		Debug|iPhoneSimulator = Debug|iPhoneSimulator
		Debug|Mixed Platforms = Debug|Mixed Platforms
		Debug|x64 = Debug|x64
		Debug|x86 = Debug|x86
		Release|Any CPU = Release|Any CPU
		Release|ARM = Release|ARM
		Release|iPhone = Release|iPhone
		Release|iPhoneSimulator = Release|iPhoneSimulator
		Release|Mixed Platforms = Release|Mixed Platforms
		Release|x64 = Release|x64
		Release|x86 = Release|x86
	EndGlobalSection
	GlobalSection(ProjectConfigurationPlatforms) = postSolution
		{3F128764-E603-4951-A638-D337BFEA51F1}.Ad-Hoc|Any CPU.ActiveCfg = Release|Any CPU
		{3F128764-E603-4951-A638-D337BFEA51F1}.Ad-Hoc|Any CPU.Build.0 = Release|Any CPU
		{3F128764-E603-4951-A638-D337BFEA51F1}.Ad-Hoc|Any CPU.Deploy.0 = Release|Any CPU
		{3F128764-E603-4951-A638-D337BFEA51F1}.Ad-Hoc|ARM.ActiveCfg = Release|Any CPU
		{3F128764-E603-4951-A638-D337BFEA51F1}.Ad-Hoc|iPhone.ActiveCfg = Release|Any CPU
		{3F128764-E603-4951-A638-D337BFEA51F1}.Ad-Hoc|iPhoneSimulator.ActiveCfg = Release|Any CPU
		{3F128764-E603-4951-A638-D337BFEA51F1}.Ad-Hoc|Mixed Platforms.ActiveCfg = Release|Any CPU
		{3F128764-E603-4951-A638-D337BFEA51F1}.Ad-Hoc|Mixed Platforms.Build.0 = Release|Any CPU
		{3F128764-E603-4951-A638-D337BFEA51F1}.Ad-Hoc|Mixed Platforms.Deploy.0 = Release|Any CPU
		{3F128764-E603-4951-A638-D337BFEA51F1}.Ad-Hoc|x64.ActiveCfg = Debug|Any CPU
		{3F128764-E603-4951-A638-D337BFEA51F1}.Ad-Hoc|x86.ActiveCfg = Release|Any CPU
		{3F128764-E603-4951-A638-D337BFEA51F1}.AppStore|Any CPU.ActiveCfg = Release|Any CPU
		{3F128764-E603-4951-A638-D337BFEA51F1}.AppStore|Any CPU.Build.0 = Release|Any CPU
		{3F128764-E603-4951-A638-D337BFEA51F1}.AppStore|Any CPU.Deploy.0 = Release|Any CPU
		{3F128764-E603-4951-A638-D337BFEA51F1}.AppStore|ARM.ActiveCfg = Release|Any CPU
		{3F128764-E603-4951-A638-D337BFEA51F1}.AppStore|iPhone.ActiveCfg = Release|Any CPU
		{3F128764-E603-4951-A638-D337BFEA51F1}.AppStore|iPhoneSimulator.ActiveCfg = Release|Any CPU
		{3F128764-E603-4951-A638-D337BFEA51F1}.AppStore|Mixed Platforms.ActiveCfg = Release|Any CPU
		{3F128764-E603-4951-A638-D337BFEA51F1}.AppStore|Mixed Platforms.Build.0 = Release|Any CPU
		{3F128764-E603-4951-A638-D337BFEA51F1}.AppStore|Mixed Platforms.Deploy.0 = Release|Any CPU
		{3F128764-E603-4951-A638-D337BFEA51F1}.AppStore|x64.ActiveCfg = Debug|Any CPU
		{3F128764-E603-4951-A638-D337BFEA51F1}.AppStore|x86.ActiveCfg = Release|Any CPU
		{3F128764-E603-4951-A638-D337BFEA51F1}.Debug|Any CPU.ActiveCfg = Debug|Any CPU
		{3F128764-E603-4951-A638-D337BFEA51F1}.Debug|Any CPU.Build.0 = Debug|Any CPU
		{3F128764-E603-4951-A638-D337BFEA51F1}.Debug|Any CPU.Deploy.0 = Debug|Any CPU
		{3F128764-E603-4951-A638-D337BFEA51F1}.Debug|ARM.ActiveCfg = Debug|Any CPU
		{3F128764-E603-4951-A638-D337BFEA51F1}.Debug|iPhone.ActiveCfg = Debug|Any CPU
		{3F128764-E603-4951-A638-D337BFEA51F1}.Debug|iPhoneSimulator.ActiveCfg = Debug|Any CPU
		{3F128764-E603-4951-A638-D337BFEA51F1}.Debug|Mixed Platforms.ActiveCfg = Debug|Any CPU
		{3F128764-E603-4951-A638-D337BFEA51F1}.Debug|Mixed Platforms.Build.0 = Debug|Any CPU
		{3F128764-E603-4951-A638-D337BFEA51F1}.Debug|Mixed Platforms.Deploy.0 = Debug|Any CPU
		{3F128764-E603-4951-A638-D337BFEA51F1}.Debug|x64.ActiveCfg = Debug|Any CPU
		{3F128764-E603-4951-A638-D337BFEA51F1}.Debug|x86.ActiveCfg = Debug|Any CPU
		{3F128764-E603-4951-A638-D337BFEA51F1}.Release|Any CPU.ActiveCfg = Release|Any CPU
		{3F128764-E603-4951-A638-D337BFEA51F1}.Release|Any CPU.Build.0 = Release|Any CPU
		{3F128764-E603-4951-A638-D337BFEA51F1}.Release|Any CPU.Deploy.0 = Release|Any CPU
		{3F128764-E603-4951-A638-D337BFEA51F1}.Release|ARM.ActiveCfg = Release|Any CPU
		{3F128764-E603-4951-A638-D337BFEA51F1}.Release|iPhone.ActiveCfg = Release|Any CPU
		{3F128764-E603-4951-A638-D337BFEA51F1}.Release|iPhoneSimulator.ActiveCfg = Release|Any CPU
		{3F128764-E603-4951-A638-D337BFEA51F1}.Release|Mixed Platforms.ActiveCfg = Release|Any CPU
		{3F128764-E603-4951-A638-D337BFEA51F1}.Release|Mixed Platforms.Build.0 = Release|Any CPU
		{3F128764-E603-4951-A638-D337BFEA51F1}.Release|Mixed Platforms.Deploy.0 = Release|Any CPU
		{3F128764-E603-4951-A638-D337BFEA51F1}.Release|x64.ActiveCfg = Release|Any CPU
		{3F128764-E603-4951-A638-D337BFEA51F1}.Release|x86.ActiveCfg = Release|Any CPU
		{59E1943A-6BAC-48F2-B50A-7BBAC4D5B71D}.Ad-Hoc|Any CPU.ActiveCfg = Release|Any CPU
		{59E1943A-6BAC-48F2-B50A-7BBAC4D5B71D}.Ad-Hoc|Any CPU.Build.0 = Release|Any CPU
		{59E1943A-6BAC-48F2-B50A-7BBAC4D5B71D}.Ad-Hoc|Any CPU.Deploy.0 = Release|Any CPU
		{59E1943A-6BAC-48F2-B50A-7BBAC4D5B71D}.Ad-Hoc|ARM.ActiveCfg = Release|ARM
		{59E1943A-6BAC-48F2-B50A-7BBAC4D5B71D}.Ad-Hoc|ARM.Build.0 = Release|ARM
		{59E1943A-6BAC-48F2-B50A-7BBAC4D5B71D}.Ad-Hoc|ARM.Deploy.0 = Release|ARM
		{59E1943A-6BAC-48F2-B50A-7BBAC4D5B71D}.Ad-Hoc|iPhone.ActiveCfg = Release|Any CPU
		{59E1943A-6BAC-48F2-B50A-7BBAC4D5B71D}.Ad-Hoc|iPhoneSimulator.ActiveCfg = Release|Any CPU
		{59E1943A-6BAC-48F2-B50A-7BBAC4D5B71D}.Ad-Hoc|Mixed Platforms.ActiveCfg = Release|x86
		{59E1943A-6BAC-48F2-B50A-7BBAC4D5B71D}.Ad-Hoc|Mixed Platforms.Build.0 = Release|x86
		{59E1943A-6BAC-48F2-B50A-7BBAC4D5B71D}.Ad-Hoc|Mixed Platforms.Deploy.0 = Release|x86
		{59E1943A-6BAC-48F2-B50A-7BBAC4D5B71D}.Ad-Hoc|x64.ActiveCfg = Debug|Any CPU
		{59E1943A-6BAC-48F2-B50A-7BBAC4D5B71D}.Ad-Hoc|x86.ActiveCfg = Release|x86
		{59E1943A-6BAC-48F2-B50A-7BBAC4D5B71D}.Ad-Hoc|x86.Build.0 = Release|x86
		{59E1943A-6BAC-48F2-B50A-7BBAC4D5B71D}.Ad-Hoc|x86.Deploy.0 = Release|x86
		{59E1943A-6BAC-48F2-B50A-7BBAC4D5B71D}.AppStore|Any CPU.ActiveCfg = Release|Any CPU
		{59E1943A-6BAC-48F2-B50A-7BBAC4D5B71D}.AppStore|Any CPU.Build.0 = Release|Any CPU
		{59E1943A-6BAC-48F2-B50A-7BBAC4D5B71D}.AppStore|Any CPU.Deploy.0 = Release|Any CPU
		{59E1943A-6BAC-48F2-B50A-7BBAC4D5B71D}.AppStore|ARM.ActiveCfg = Release|ARM
		{59E1943A-6BAC-48F2-B50A-7BBAC4D5B71D}.AppStore|ARM.Build.0 = Release|ARM
		{59E1943A-6BAC-48F2-B50A-7BBAC4D5B71D}.AppStore|ARM.Deploy.0 = Release|ARM
		{59E1943A-6BAC-48F2-B50A-7BBAC4D5B71D}.AppStore|iPhone.ActiveCfg = Release|Any CPU
		{59E1943A-6BAC-48F2-B50A-7BBAC4D5B71D}.AppStore|iPhoneSimulator.ActiveCfg = Release|Any CPU
		{59E1943A-6BAC-48F2-B50A-7BBAC4D5B71D}.AppStore|Mixed Platforms.ActiveCfg = Release|x86
		{59E1943A-6BAC-48F2-B50A-7BBAC4D5B71D}.AppStore|Mixed Platforms.Build.0 = Release|x86
		{59E1943A-6BAC-48F2-B50A-7BBAC4D5B71D}.AppStore|Mixed Platforms.Deploy.0 = Release|x86
		{59E1943A-6BAC-48F2-B50A-7BBAC4D5B71D}.AppStore|x64.ActiveCfg = Debug|Any CPU
		{59E1943A-6BAC-48F2-B50A-7BBAC4D5B71D}.AppStore|x86.ActiveCfg = Release|x86
		{59E1943A-6BAC-48F2-B50A-7BBAC4D5B71D}.AppStore|x86.Build.0 = Release|x86
		{59E1943A-6BAC-48F2-B50A-7BBAC4D5B71D}.AppStore|x86.Deploy.0 = Release|x86
		{59E1943A-6BAC-48F2-B50A-7BBAC4D5B71D}.Debug|Any CPU.ActiveCfg = Debug|Any CPU
		{59E1943A-6BAC-48F2-B50A-7BBAC4D5B71D}.Debug|Any CPU.Build.0 = Debug|Any CPU
		{59E1943A-6BAC-48F2-B50A-7BBAC4D5B71D}.Debug|Any CPU.Deploy.0 = Debug|Any CPU
		{59E1943A-6BAC-48F2-B50A-7BBAC4D5B71D}.Debug|ARM.ActiveCfg = Debug|ARM
		{59E1943A-6BAC-48F2-B50A-7BBAC4D5B71D}.Debug|ARM.Build.0 = Debug|ARM
		{59E1943A-6BAC-48F2-B50A-7BBAC4D5B71D}.Debug|ARM.Deploy.0 = Debug|ARM
		{59E1943A-6BAC-48F2-B50A-7BBAC4D5B71D}.Debug|iPhone.ActiveCfg = Debug|Any CPU
		{59E1943A-6BAC-48F2-B50A-7BBAC4D5B71D}.Debug|iPhoneSimulator.ActiveCfg = Debug|Any CPU
		{59E1943A-6BAC-48F2-B50A-7BBAC4D5B71D}.Debug|Mixed Platforms.ActiveCfg = Debug|x86
		{59E1943A-6BAC-48F2-B50A-7BBAC4D5B71D}.Debug|Mixed Platforms.Build.0 = Debug|x86
		{59E1943A-6BAC-48F2-B50A-7BBAC4D5B71D}.Debug|Mixed Platforms.Deploy.0 = Debug|x86
		{59E1943A-6BAC-48F2-B50A-7BBAC4D5B71D}.Debug|x64.ActiveCfg = Debug|Any CPU
		{59E1943A-6BAC-48F2-B50A-7BBAC4D5B71D}.Debug|x86.ActiveCfg = Debug|x86
		{59E1943A-6BAC-48F2-B50A-7BBAC4D5B71D}.Debug|x86.Build.0 = Debug|x86
		{59E1943A-6BAC-48F2-B50A-7BBAC4D5B71D}.Debug|x86.Deploy.0 = Debug|x86
		{59E1943A-6BAC-48F2-B50A-7BBAC4D5B71D}.Release|Any CPU.ActiveCfg = Release|Any CPU
		{59E1943A-6BAC-48F2-B50A-7BBAC4D5B71D}.Release|Any CPU.Build.0 = Release|Any CPU
		{59E1943A-6BAC-48F2-B50A-7BBAC4D5B71D}.Release|Any CPU.Deploy.0 = Release|Any CPU
		{59E1943A-6BAC-48F2-B50A-7BBAC4D5B71D}.Release|ARM.ActiveCfg = Release|ARM
		{59E1943A-6BAC-48F2-B50A-7BBAC4D5B71D}.Release|ARM.Build.0 = Release|ARM
		{59E1943A-6BAC-48F2-B50A-7BBAC4D5B71D}.Release|ARM.Deploy.0 = Release|ARM
		{59E1943A-6BAC-48F2-B50A-7BBAC4D5B71D}.Release|iPhone.ActiveCfg = Release|Any CPU
		{59E1943A-6BAC-48F2-B50A-7BBAC4D5B71D}.Release|iPhoneSimulator.ActiveCfg = Release|Any CPU
		{59E1943A-6BAC-48F2-B50A-7BBAC4D5B71D}.Release|Mixed Platforms.ActiveCfg = Release|x86
		{59E1943A-6BAC-48F2-B50A-7BBAC4D5B71D}.Release|Mixed Platforms.Build.0 = Release|x86
		{59E1943A-6BAC-48F2-B50A-7BBAC4D5B71D}.Release|Mixed Platforms.Deploy.0 = Release|x86
		{59E1943A-6BAC-48F2-B50A-7BBAC4D5B71D}.Release|x64.ActiveCfg = Release|Any CPU
		{59E1943A-6BAC-48F2-B50A-7BBAC4D5B71D}.Release|x86.ActiveCfg = Release|x86
		{59E1943A-6BAC-48F2-B50A-7BBAC4D5B71D}.Release|x86.Build.0 = Release|x86
		{59E1943A-6BAC-48F2-B50A-7BBAC4D5B71D}.Release|x86.Deploy.0 = Release|x86
		{5D08F0DB-549E-4377-953C-633FC64BB1E2}.Ad-Hoc|Any CPU.ActiveCfg = Release|Any CPU
		{5D08F0DB-549E-4377-953C-633FC64BB1E2}.Ad-Hoc|Any CPU.Build.0 = Release|Any CPU
		{5D08F0DB-549E-4377-953C-633FC64BB1E2}.Ad-Hoc|ARM.ActiveCfg = Release|Any CPU
		{5D08F0DB-549E-4377-953C-633FC64BB1E2}.Ad-Hoc|iPhone.ActiveCfg = Release|Any CPU
		{5D08F0DB-549E-4377-953C-633FC64BB1E2}.Ad-Hoc|iPhoneSimulator.ActiveCfg = Release|Any CPU
		{5D08F0DB-549E-4377-953C-633FC64BB1E2}.Ad-Hoc|Mixed Platforms.ActiveCfg = Release|Any CPU
		{5D08F0DB-549E-4377-953C-633FC64BB1E2}.Ad-Hoc|Mixed Platforms.Build.0 = Release|Any CPU
		{5D08F0DB-549E-4377-953C-633FC64BB1E2}.Ad-Hoc|x64.ActiveCfg = Debug|Any CPU
		{5D08F0DB-549E-4377-953C-633FC64BB1E2}.Ad-Hoc|x86.ActiveCfg = Release|Any CPU
		{5D08F0DB-549E-4377-953C-633FC64BB1E2}.AppStore|Any CPU.ActiveCfg = Release|Any CPU
		{5D08F0DB-549E-4377-953C-633FC64BB1E2}.AppStore|Any CPU.Build.0 = Release|Any CPU
		{5D08F0DB-549E-4377-953C-633FC64BB1E2}.AppStore|ARM.ActiveCfg = Release|Any CPU
		{5D08F0DB-549E-4377-953C-633FC64BB1E2}.AppStore|iPhone.ActiveCfg = Release|Any CPU
		{5D08F0DB-549E-4377-953C-633FC64BB1E2}.AppStore|iPhoneSimulator.ActiveCfg = Release|Any CPU
		{5D08F0DB-549E-4377-953C-633FC64BB1E2}.AppStore|Mixed Platforms.ActiveCfg = Release|Any CPU
		{5D08F0DB-549E-4377-953C-633FC64BB1E2}.AppStore|Mixed Platforms.Build.0 = Release|Any CPU
		{5D08F0DB-549E-4377-953C-633FC64BB1E2}.AppStore|x64.ActiveCfg = Debug|Any CPU
		{5D08F0DB-549E-4377-953C-633FC64BB1E2}.AppStore|x86.ActiveCfg = Release|Any CPU
		{5D08F0DB-549E-4377-953C-633FC64BB1E2}.Debug|Any CPU.ActiveCfg = Debug|Any CPU
		{5D08F0DB-549E-4377-953C-633FC64BB1E2}.Debug|Any CPU.Build.0 = Debug|Any CPU
		{5D08F0DB-549E-4377-953C-633FC64BB1E2}.Debug|ARM.ActiveCfg = Debug|Any CPU
		{5D08F0DB-549E-4377-953C-633FC64BB1E2}.Debug|iPhone.ActiveCfg = Debug|Any CPU
		{5D08F0DB-549E-4377-953C-633FC64BB1E2}.Debug|iPhone.Build.0 = Debug|Any CPU
		{5D08F0DB-549E-4377-953C-633FC64BB1E2}.Debug|iPhoneSimulator.ActiveCfg = Debug|Any CPU
		{5D08F0DB-549E-4377-953C-633FC64BB1E2}.Debug|iPhoneSimulator.Build.0 = Debug|Any CPU
		{5D08F0DB-549E-4377-953C-633FC64BB1E2}.Debug|Mixed Platforms.ActiveCfg = Debug|Any CPU
		{5D08F0DB-549E-4377-953C-633FC64BB1E2}.Debug|Mixed Platforms.Build.0 = Debug|Any CPU
		{5D08F0DB-549E-4377-953C-633FC64BB1E2}.Debug|x64.ActiveCfg = Debug|Any CPU
		{5D08F0DB-549E-4377-953C-633FC64BB1E2}.Debug|x86.ActiveCfg = Debug|Any CPU
		{5D08F0DB-549E-4377-953C-633FC64BB1E2}.Release|Any CPU.ActiveCfg = Release|Any CPU
		{5D08F0DB-549E-4377-953C-633FC64BB1E2}.Release|Any CPU.Build.0 = Release|Any CPU
		{5D08F0DB-549E-4377-953C-633FC64BB1E2}.Release|ARM.ActiveCfg = Release|Any CPU
		{5D08F0DB-549E-4377-953C-633FC64BB1E2}.Release|iPhone.ActiveCfg = Release|Any CPU
		{5D08F0DB-549E-4377-953C-633FC64BB1E2}.Release|iPhoneSimulator.ActiveCfg = Release|Any CPU
		{5D08F0DB-549E-4377-953C-633FC64BB1E2}.Release|Mixed Platforms.ActiveCfg = Release|Any CPU
		{5D08F0DB-549E-4377-953C-633FC64BB1E2}.Release|Mixed Platforms.Build.0 = Release|Any CPU
		{5D08F0DB-549E-4377-953C-633FC64BB1E2}.Release|x64.ActiveCfg = Release|Any CPU
		{5D08F0DB-549E-4377-953C-633FC64BB1E2}.Release|x86.ActiveCfg = Release|Any CPU
		{63F20193-C66A-400B-A981-6D39288462CF}.Ad-Hoc|Any CPU.ActiveCfg = Ad-Hoc|iPhone
		{63F20193-C66A-400B-A981-6D39288462CF}.Ad-Hoc|ARM.ActiveCfg = Ad-Hoc|iPhone
		{63F20193-C66A-400B-A981-6D39288462CF}.Ad-Hoc|iPhone.ActiveCfg = Ad-Hoc|iPhone
		{63F20193-C66A-400B-A981-6D39288462CF}.Ad-Hoc|iPhone.Build.0 = Ad-Hoc|iPhone
		{63F20193-C66A-400B-A981-6D39288462CF}.Ad-Hoc|iPhoneSimulator.ActiveCfg = Ad-Hoc|iPhoneSimulator
		{63F20193-C66A-400B-A981-6D39288462CF}.Ad-Hoc|iPhoneSimulator.Build.0 = Ad-Hoc|iPhoneSimulator
		{63F20193-C66A-400B-A981-6D39288462CF}.Ad-Hoc|Mixed Platforms.ActiveCfg = Ad-Hoc|iPhone
		{63F20193-C66A-400B-A981-6D39288462CF}.Ad-Hoc|Mixed Platforms.Build.0 = Ad-Hoc|iPhone
		{63F20193-C66A-400B-A981-6D39288462CF}.Ad-Hoc|x64.ActiveCfg = Ad-Hoc|iPhoneSimulator
		{63F20193-C66A-400B-A981-6D39288462CF}.Ad-Hoc|x86.ActiveCfg = Ad-Hoc|iPhone
		{63F20193-C66A-400B-A981-6D39288462CF}.AppStore|Any CPU.ActiveCfg = AppStore|iPhone
		{63F20193-C66A-400B-A981-6D39288462CF}.AppStore|ARM.ActiveCfg = AppStore|iPhone
		{63F20193-C66A-400B-A981-6D39288462CF}.AppStore|iPhone.ActiveCfg = AppStore|iPhone
		{63F20193-C66A-400B-A981-6D39288462CF}.AppStore|iPhone.Build.0 = AppStore|iPhone
		{63F20193-C66A-400B-A981-6D39288462CF}.AppStore|iPhoneSimulator.ActiveCfg = AppStore|iPhoneSimulator
		{63F20193-C66A-400B-A981-6D39288462CF}.AppStore|iPhoneSimulator.Build.0 = AppStore|iPhoneSimulator
		{63F20193-C66A-400B-A981-6D39288462CF}.AppStore|Mixed Platforms.ActiveCfg = AppStore|iPhone
		{63F20193-C66A-400B-A981-6D39288462CF}.AppStore|Mixed Platforms.Build.0 = AppStore|iPhone
		{63F20193-C66A-400B-A981-6D39288462CF}.AppStore|x64.ActiveCfg = AppStore|iPhoneSimulator
		{63F20193-C66A-400B-A981-6D39288462CF}.AppStore|x86.ActiveCfg = AppStore|iPhone
		{63F20193-C66A-400B-A981-6D39288462CF}.Debug|Any CPU.ActiveCfg = Debug|iPhone
		{63F20193-C66A-400B-A981-6D39288462CF}.Debug|ARM.ActiveCfg = Debug|iPhone
		{63F20193-C66A-400B-A981-6D39288462CF}.Debug|iPhone.ActiveCfg = Debug|iPhone
		{63F20193-C66A-400B-A981-6D39288462CF}.Debug|iPhone.Build.0 = Debug|iPhone
		{63F20193-C66A-400B-A981-6D39288462CF}.Debug|iPhoneSimulator.ActiveCfg = Debug|iPhoneSimulator
		{63F20193-C66A-400B-A981-6D39288462CF}.Debug|iPhoneSimulator.Build.0 = Debug|iPhoneSimulator
		{63F20193-C66A-400B-A981-6D39288462CF}.Debug|Mixed Platforms.ActiveCfg = Debug|iPhone
		{63F20193-C66A-400B-A981-6D39288462CF}.Debug|Mixed Platforms.Build.0 = Debug|iPhone
		{63F20193-C66A-400B-A981-6D39288462CF}.Debug|x64.ActiveCfg = Debug|iPhoneSimulator
		{63F20193-C66A-400B-A981-6D39288462CF}.Debug|x86.ActiveCfg = Debug|iPhone
		{63F20193-C66A-400B-A981-6D39288462CF}.Release|Any CPU.ActiveCfg = Release|iPhone
		{63F20193-C66A-400B-A981-6D39288462CF}.Release|ARM.ActiveCfg = Release|iPhone
		{63F20193-C66A-400B-A981-6D39288462CF}.Release|iPhone.ActiveCfg = Release|iPhone
		{63F20193-C66A-400B-A981-6D39288462CF}.Release|iPhone.Build.0 = Release|iPhone
		{63F20193-C66A-400B-A981-6D39288462CF}.Release|iPhoneSimulator.ActiveCfg = Release|iPhoneSimulator
		{63F20193-C66A-400B-A981-6D39288462CF}.Release|iPhoneSimulator.Build.0 = Release|iPhoneSimulator
		{63F20193-C66A-400B-A981-6D39288462CF}.Release|Mixed Platforms.ActiveCfg = Release|iPhone
		{63F20193-C66A-400B-A981-6D39288462CF}.Release|Mixed Platforms.Build.0 = Release|iPhone
		{63F20193-C66A-400B-A981-6D39288462CF}.Release|x64.ActiveCfg = Release|iPhoneSimulator
		{63F20193-C66A-400B-A981-6D39288462CF}.Release|x86.ActiveCfg = Release|iPhone
		{783C3EC6-7EC5-4B1E-A5F7-A8D8A499866D}.Ad-Hoc|Any CPU.ActiveCfg = Release|Any CPU
		{783C3EC6-7EC5-4B1E-A5F7-A8D8A499866D}.Ad-Hoc|Any CPU.Build.0 = Release|Any CPU
		{783C3EC6-7EC5-4B1E-A5F7-A8D8A499866D}.Ad-Hoc|Any CPU.Deploy.0 = Release|Any CPU
		{783C3EC6-7EC5-4B1E-A5F7-A8D8A499866D}.Ad-Hoc|ARM.ActiveCfg = Release|ARM
		{783C3EC6-7EC5-4B1E-A5F7-A8D8A499866D}.Ad-Hoc|ARM.Build.0 = Release|ARM
		{783C3EC6-7EC5-4B1E-A5F7-A8D8A499866D}.Ad-Hoc|ARM.Deploy.0 = Release|ARM
		{783C3EC6-7EC5-4B1E-A5F7-A8D8A499866D}.Ad-Hoc|iPhone.ActiveCfg = Release|Any CPU
		{783C3EC6-7EC5-4B1E-A5F7-A8D8A499866D}.Ad-Hoc|iPhoneSimulator.ActiveCfg = Release|Any CPU
		{783C3EC6-7EC5-4B1E-A5F7-A8D8A499866D}.Ad-Hoc|Mixed Platforms.ActiveCfg = Release|x86
		{783C3EC6-7EC5-4B1E-A5F7-A8D8A499866D}.Ad-Hoc|Mixed Platforms.Build.0 = Release|x86
		{783C3EC6-7EC5-4B1E-A5F7-A8D8A499866D}.Ad-Hoc|Mixed Platforms.Deploy.0 = Release|x86
		{783C3EC6-7EC5-4B1E-A5F7-A8D8A499866D}.Ad-Hoc|x64.ActiveCfg = Release|x64
		{783C3EC6-7EC5-4B1E-A5F7-A8D8A499866D}.Ad-Hoc|x64.Build.0 = Release|x64
		{783C3EC6-7EC5-4B1E-A5F7-A8D8A499866D}.Ad-Hoc|x64.Deploy.0 = Release|x64
		{783C3EC6-7EC5-4B1E-A5F7-A8D8A499866D}.Ad-Hoc|x86.ActiveCfg = Release|x86
		{783C3EC6-7EC5-4B1E-A5F7-A8D8A499866D}.Ad-Hoc|x86.Build.0 = Release|x86
		{783C3EC6-7EC5-4B1E-A5F7-A8D8A499866D}.Ad-Hoc|x86.Deploy.0 = Release|x86
		{783C3EC6-7EC5-4B1E-A5F7-A8D8A499866D}.AppStore|Any CPU.ActiveCfg = Release|Any CPU
		{783C3EC6-7EC5-4B1E-A5F7-A8D8A499866D}.AppStore|Any CPU.Build.0 = Release|Any CPU
		{783C3EC6-7EC5-4B1E-A5F7-A8D8A499866D}.AppStore|Any CPU.Deploy.0 = Release|Any CPU
		{783C3EC6-7EC5-4B1E-A5F7-A8D8A499866D}.AppStore|ARM.ActiveCfg = Release|ARM
		{783C3EC6-7EC5-4B1E-A5F7-A8D8A499866D}.AppStore|ARM.Build.0 = Release|ARM
		{783C3EC6-7EC5-4B1E-A5F7-A8D8A499866D}.AppStore|ARM.Deploy.0 = Release|ARM
		{783C3EC6-7EC5-4B1E-A5F7-A8D8A499866D}.AppStore|iPhone.ActiveCfg = Release|Any CPU
		{783C3EC6-7EC5-4B1E-A5F7-A8D8A499866D}.AppStore|iPhoneSimulator.ActiveCfg = Release|Any CPU
		{783C3EC6-7EC5-4B1E-A5F7-A8D8A499866D}.AppStore|Mixed Platforms.ActiveCfg = Release|x86
		{783C3EC6-7EC5-4B1E-A5F7-A8D8A499866D}.AppStore|Mixed Platforms.Build.0 = Release|x86
		{783C3EC6-7EC5-4B1E-A5F7-A8D8A499866D}.AppStore|Mixed Platforms.Deploy.0 = Release|x86
		{783C3EC6-7EC5-4B1E-A5F7-A8D8A499866D}.AppStore|x64.ActiveCfg = Release|x64
		{783C3EC6-7EC5-4B1E-A5F7-A8D8A499866D}.AppStore|x64.Build.0 = Release|x64
		{783C3EC6-7EC5-4B1E-A5F7-A8D8A499866D}.AppStore|x64.Deploy.0 = Release|x64
		{783C3EC6-7EC5-4B1E-A5F7-A8D8A499866D}.AppStore|x86.ActiveCfg = Release|x86
		{783C3EC6-7EC5-4B1E-A5F7-A8D8A499866D}.AppStore|x86.Build.0 = Release|x86
		{783C3EC6-7EC5-4B1E-A5F7-A8D8A499866D}.AppStore|x86.Deploy.0 = Release|x86
		{783C3EC6-7EC5-4B1E-A5F7-A8D8A499866D}.Debug|Any CPU.ActiveCfg = Debug|Any CPU
		{783C3EC6-7EC5-4B1E-A5F7-A8D8A499866D}.Debug|Any CPU.Build.0 = Debug|Any CPU
		{783C3EC6-7EC5-4B1E-A5F7-A8D8A499866D}.Debug|Any CPU.Deploy.0 = Debug|Any CPU
		{783C3EC6-7EC5-4B1E-A5F7-A8D8A499866D}.Debug|ARM.ActiveCfg = Debug|ARM
		{783C3EC6-7EC5-4B1E-A5F7-A8D8A499866D}.Debug|ARM.Build.0 = Debug|ARM
		{783C3EC6-7EC5-4B1E-A5F7-A8D8A499866D}.Debug|ARM.Deploy.0 = Debug|ARM
		{783C3EC6-7EC5-4B1E-A5F7-A8D8A499866D}.Debug|iPhone.ActiveCfg = Debug|Any CPU
		{783C3EC6-7EC5-4B1E-A5F7-A8D8A499866D}.Debug|iPhoneSimulator.ActiveCfg = Debug|Any CPU
		{783C3EC6-7EC5-4B1E-A5F7-A8D8A499866D}.Debug|Mixed Platforms.ActiveCfg = Debug|x86
		{783C3EC6-7EC5-4B1E-A5F7-A8D8A499866D}.Debug|Mixed Platforms.Build.0 = Debug|x86
		{783C3EC6-7EC5-4B1E-A5F7-A8D8A499866D}.Debug|Mixed Platforms.Deploy.0 = Debug|x86
		{783C3EC6-7EC5-4B1E-A5F7-A8D8A499866D}.Debug|x64.ActiveCfg = Debug|x64
		{783C3EC6-7EC5-4B1E-A5F7-A8D8A499866D}.Debug|x64.Build.0 = Debug|x64
		{783C3EC6-7EC5-4B1E-A5F7-A8D8A499866D}.Debug|x64.Deploy.0 = Debug|x64
		{783C3EC6-7EC5-4B1E-A5F7-A8D8A499866D}.Debug|x86.ActiveCfg = Debug|x86
		{783C3EC6-7EC5-4B1E-A5F7-A8D8A499866D}.Debug|x86.Build.0 = Debug|x86
		{783C3EC6-7EC5-4B1E-A5F7-A8D8A499866D}.Debug|x86.Deploy.0 = Debug|x86
		{783C3EC6-7EC5-4B1E-A5F7-A8D8A499866D}.Release|Any CPU.ActiveCfg = Release|Any CPU
		{783C3EC6-7EC5-4B1E-A5F7-A8D8A499866D}.Release|Any CPU.Build.0 = Release|Any CPU
		{783C3EC6-7EC5-4B1E-A5F7-A8D8A499866D}.Release|Any CPU.Deploy.0 = Release|Any CPU
		{783C3EC6-7EC5-4B1E-A5F7-A8D8A499866D}.Release|ARM.ActiveCfg = Release|ARM
		{783C3EC6-7EC5-4B1E-A5F7-A8D8A499866D}.Release|ARM.Build.0 = Release|ARM
		{783C3EC6-7EC5-4B1E-A5F7-A8D8A499866D}.Release|ARM.Deploy.0 = Release|ARM
		{783C3EC6-7EC5-4B1E-A5F7-A8D8A499866D}.Release|iPhone.ActiveCfg = Release|Any CPU
		{783C3EC6-7EC5-4B1E-A5F7-A8D8A499866D}.Release|iPhoneSimulator.ActiveCfg = Release|Any CPU
		{783C3EC6-7EC5-4B1E-A5F7-A8D8A499866D}.Release|Mixed Platforms.ActiveCfg = Release|x86
		{783C3EC6-7EC5-4B1E-A5F7-A8D8A499866D}.Release|Mixed Platforms.Build.0 = Release|x86
		{783C3EC6-7EC5-4B1E-A5F7-A8D8A499866D}.Release|Mixed Platforms.Deploy.0 = Release|x86
		{783C3EC6-7EC5-4B1E-A5F7-A8D8A499866D}.Release|x64.ActiveCfg = Release|x64
		{783C3EC6-7EC5-4B1E-A5F7-A8D8A499866D}.Release|x64.Build.0 = Release|x64
		{783C3EC6-7EC5-4B1E-A5F7-A8D8A499866D}.Release|x64.Deploy.0 = Release|x64
		{783C3EC6-7EC5-4B1E-A5F7-A8D8A499866D}.Release|x86.ActiveCfg = Release|x86
		{783C3EC6-7EC5-4B1E-A5F7-A8D8A499866D}.Release|x86.Build.0 = Release|x86
		{783C3EC6-7EC5-4B1E-A5F7-A8D8A499866D}.Release|x86.Deploy.0 = Release|x86
		{9F9D73FE-D609-48D4-97B6-77A9A4C4C345}.Ad-Hoc|Any CPU.ActiveCfg = Release|Any CPU
		{9F9D73FE-D609-48D4-97B6-77A9A4C4C345}.Ad-Hoc|Any CPU.Build.0 = Release|Any CPU
		{9F9D73FE-D609-48D4-97B6-77A9A4C4C345}.Ad-Hoc|ARM.ActiveCfg = Release|Any CPU
		{9F9D73FE-D609-48D4-97B6-77A9A4C4C345}.Ad-Hoc|iPhone.ActiveCfg = Release|Any CPU
		{9F9D73FE-D609-48D4-97B6-77A9A4C4C345}.Ad-Hoc|iPhoneSimulator.ActiveCfg = Release|Any CPU
		{9F9D73FE-D609-48D4-97B6-77A9A4C4C345}.Ad-Hoc|Mixed Platforms.ActiveCfg = Release|Any CPU
		{9F9D73FE-D609-48D4-97B6-77A9A4C4C345}.Ad-Hoc|Mixed Platforms.Build.0 = Release|Any CPU
		{9F9D73FE-D609-48D4-97B6-77A9A4C4C345}.Ad-Hoc|x64.ActiveCfg = Debug|Any CPU
		{9F9D73FE-D609-48D4-97B6-77A9A4C4C345}.Ad-Hoc|x86.ActiveCfg = Release|Any CPU
		{9F9D73FE-D609-48D4-97B6-77A9A4C4C345}.AppStore|Any CPU.ActiveCfg = Release|Any CPU
		{9F9D73FE-D609-48D4-97B6-77A9A4C4C345}.AppStore|Any CPU.Build.0 = Release|Any CPU
		{9F9D73FE-D609-48D4-97B6-77A9A4C4C345}.AppStore|ARM.ActiveCfg = Release|Any CPU
		{9F9D73FE-D609-48D4-97B6-77A9A4C4C345}.AppStore|iPhone.ActiveCfg = Release|Any CPU
		{9F9D73FE-D609-48D4-97B6-77A9A4C4C345}.AppStore|iPhoneSimulator.ActiveCfg = Release|Any CPU
		{9F9D73FE-D609-48D4-97B6-77A9A4C4C345}.AppStore|Mixed Platforms.ActiveCfg = Release|Any CPU
		{9F9D73FE-D609-48D4-97B6-77A9A4C4C345}.AppStore|Mixed Platforms.Build.0 = Release|Any CPU
		{9F9D73FE-D609-48D4-97B6-77A9A4C4C345}.AppStore|x64.ActiveCfg = Debug|Any CPU
		{9F9D73FE-D609-48D4-97B6-77A9A4C4C345}.AppStore|x86.ActiveCfg = Release|Any CPU
		{9F9D73FE-D609-48D4-97B6-77A9A4C4C345}.Debug|Any CPU.ActiveCfg = Debug|Any CPU
		{9F9D73FE-D609-48D4-97B6-77A9A4C4C345}.Debug|Any CPU.Build.0 = Debug|Any CPU
		{9F9D73FE-D609-48D4-97B6-77A9A4C4C345}.Debug|ARM.ActiveCfg = Debug|Any CPU
		{9F9D73FE-D609-48D4-97B6-77A9A4C4C345}.Debug|iPhone.ActiveCfg = Debug|Any CPU
		{9F9D73FE-D609-48D4-97B6-77A9A4C4C345}.Debug|iPhone.Build.0 = Debug|Any CPU
		{9F9D73FE-D609-48D4-97B6-77A9A4C4C345}.Debug|iPhoneSimulator.ActiveCfg = Debug|Any CPU
		{9F9D73FE-D609-48D4-97B6-77A9A4C4C345}.Debug|iPhoneSimulator.Build.0 = Debug|Any CPU
		{9F9D73FE-D609-48D4-97B6-77A9A4C4C345}.Debug|Mixed Platforms.ActiveCfg = Debug|Any CPU
		{9F9D73FE-D609-48D4-97B6-77A9A4C4C345}.Debug|Mixed Platforms.Build.0 = Debug|Any CPU
		{9F9D73FE-D609-48D4-97B6-77A9A4C4C345}.Debug|x64.ActiveCfg = Debug|Any CPU
		{9F9D73FE-D609-48D4-97B6-77A9A4C4C345}.Debug|x86.ActiveCfg = Debug|Any CPU
		{9F9D73FE-D609-48D4-97B6-77A9A4C4C345}.Release|Any CPU.ActiveCfg = Release|Any CPU
		{9F9D73FE-D609-48D4-97B6-77A9A4C4C345}.Release|Any CPU.Build.0 = Release|Any CPU
		{9F9D73FE-D609-48D4-97B6-77A9A4C4C345}.Release|ARM.ActiveCfg = Release|Any CPU
		{9F9D73FE-D609-48D4-97B6-77A9A4C4C345}.Release|iPhone.ActiveCfg = Release|Any CPU
		{9F9D73FE-D609-48D4-97B6-77A9A4C4C345}.Release|iPhoneSimulator.ActiveCfg = Release|Any CPU
		{9F9D73FE-D609-48D4-97B6-77A9A4C4C345}.Release|Mixed Platforms.ActiveCfg = Release|Any CPU
		{9F9D73FE-D609-48D4-97B6-77A9A4C4C345}.Release|Mixed Platforms.Build.0 = Release|Any CPU
		{9F9D73FE-D609-48D4-97B6-77A9A4C4C345}.Release|x64.ActiveCfg = Release|Any CPU
		{9F9D73FE-D609-48D4-97B6-77A9A4C4C345}.Release|x86.ActiveCfg = Release|Any CPU
	EndGlobalSection
	GlobalSection(MonoDevelopProperties) = preSolution
		StartupItem = NerdDinner.Touch\NerdDinner.Touch.csproj
		Policies = $0
		$0.ChangeLogPolicy = $1
		$1.UpdateMode = None
		$1.inheritsSet = Mono
	EndGlobalSection
	GlobalSection(SolutionProperties) = preSolution
		HideSolutionNode = FALSE
	EndGlobalSection
EndGlobal
